// !$*UTF8*$!
{
	archiveVersion = 1;
	classes = {
	};
	objectVersion = 56;
	objects = {

/* Begin PBXBuildFile section */
		031E1D8F2A32701E002EB31D /* KnobView.swift in Sources */ = {isa = PBXBuildFile; fileRef = 031E1D8E2A32701E002EB31D /* KnobView.swift */; };
		031E1D912A32715E002EB31D /* KnobViewModel.swift in Sources */ = {isa = PBXBuildFile; fileRef = 031E1D902A32715E002EB31D /* KnobViewModel.swift */; };
		03505ADE2A29484800F9D472 /* 8bitsf.SF2 in Resources */ = {isa = PBXBuildFile; fileRef = 03505ADD2A29484800F9D472 /* 8bitsf.SF2 */; };
		03896EC62A27DC73005FCB49 /* SimpSynthApp.swift in Sources */ = {isa = PBXBuildFile; fileRef = 03896EC52A27DC73005FCB49 /* SimpSynthApp.swift */; };
		03896EC82A27DC73005FCB49 /* ContentView.swift in Sources */ = {isa = PBXBuildFile; fileRef = 03896EC72A27DC73005FCB49 /* ContentView.swift */; };
		03896ECA2A27DC75005FCB49 /* Assets.xcassets in Resources */ = {isa = PBXBuildFile; fileRef = 03896EC92A27DC75005FCB49 /* Assets.xcassets */; };
		03896ECD2A27DC75005FCB49 /* Preview Assets.xcassets in Resources */ = {isa = PBXBuildFile; fileRef = 03896ECC2A27DC75005FCB49 /* Preview Assets.xcassets */; };
		03896EDB2A27DF9B005FCB49 /* AudioKit in Frameworks */ = {isa = PBXBuildFile; productRef = 03896EDA2A27DF9B005FCB49 /* AudioKit */; };
		03896EDD2A27E0BF005FCB49 /* AudioMIDI.swift in Sources */ = {isa = PBXBuildFile; fileRef = 03896EDC2A27E0BF005FCB49 /* AudioMIDI.swift */; };
		03896EE02A27E4E7005FCB49 /* Keyboard in Frameworks */ = {isa = PBXBuildFile; productRef = 03896EDF2A27E4E7005FCB49 /* Keyboard */; };
/* End PBXBuildFile section */

/* Begin PBXFileReference section */
		031E1D8E2A32701E002EB31D /* KnobView.swift */ = {isa = PBXFileReference; lastKnownFileType = sourcecode.swift; path = KnobView.swift; sourceTree = "<group>"; };
		031E1D902A32715E002EB31D /* KnobViewModel.swift */ = {isa = PBXFileReference; lastKnownFileType = sourcecode.swift; path = KnobViewModel.swift; sourceTree = "<group>"; };
		03505ADD2A29484800F9D472 /* 8bitsf.SF2 */ = {isa = PBXFileReference; lastKnownFileType = file; path = 8bitsf.SF2; sourceTree = "<group>"; };
		03896EC22A27DC73005FCB49 /* SimpSynth.app */ = {isa = PBXFileReference; explicitFileType = wrapper.application; includeInIndex = 0; path = SimpSynth.app; sourceTree = BUILT_PRODUCTS_DIR; };
		03896EC52A27DC73005FCB49 /* SimpSynthApp.swift */ = {isa = PBXFileReference; lastKnownFileType = sourcecode.swift; path = SimpSynthApp.swift; sourceTree = "<group>"; };
		03896EC72A27DC73005FCB49 /* ContentView.swift */ = {isa = PBXFileReference; lastKnownFileType = sourcecode.swift; path = ContentView.swift; sourceTree = "<group>"; };
		03896EC92A27DC75005FCB49 /* Assets.xcassets */ = {isa = PBXFileReference; lastKnownFileType = folder.assetcatalog; path = Assets.xcassets; sourceTree = "<group>"; };
		03896ECC2A27DC75005FCB49 /* Preview Assets.xcassets */ = {isa = PBXFileReference; lastKnownFileType = folder.assetcatalog; path = "Preview Assets.xcassets"; sourceTree = "<group>"; };
		03896EDC2A27E0BF005FCB49 /* AudioMIDI.swift */ = {isa = PBXFileReference; lastKnownFileType = sourcecode.swift; path = AudioMIDI.swift; sourceTree = "<group>"; };
/* End PBXFileReference section */

/* Begin PBXFrameworksBuildPhase section */
		03896EBF2A27DC73005FCB49 /* Frameworks */ = {
			isa = PBXFrameworksBuildPhase;
			buildActionMask = 2147483647;
			files = (
				03896EDB2A27DF9B005FCB49 /* AudioKit in Frameworks */,
				03896EE02A27E4E7005FCB49 /* Keyboard in Frameworks */,
			);
			runOnlyForDeploymentPostprocessing = 0;
		};
/* End PBXFrameworksBuildPhase section */

/* Begin PBXGroup section */
		03896EB92A27DC73005FCB49 = {
			isa = PBXGroup;
			children = (
				03896EC42A27DC73005FCB49 /* SimpSynth */,
				03896EC32A27DC73005FCB49 /* Products */,
			);
			sourceTree = "<group>";
		};
		03896EC32A27DC73005FCB49 /* Products */ = {
			isa = PBXGroup;
			children = (
				03896EC22A27DC73005FCB49 /* SimpSynth.app */,
			);
			name = Products;
			sourceTree = "<group>";
		};
		03896EC42A27DC73005FCB49 /* SimpSynth */ = {
			isa = PBXGroup;
			children = (
				03896ED32A27DD9C005FCB49 /* App */,
				03896ED42A27DDB9005FCB49 /* Models */,
				03896ED52A27DDE8005FCB49 /* Views */,
				03896ED62A27DE54005FCB49 /* ViewModels */,
				03896ED72A27DE6F005FCB49 /* Services */,
				03896ED82A27DE76005FCB49 /* Resources */,
			);
			path = SimpSynth;
			sourceTree = "<group>";
		};
		03896ECB2A27DC75005FCB49 /* Preview Content */ = {
			isa = PBXGroup;
			children = (
				03896ECC2A27DC75005FCB49 /* Preview Assets.xcassets */,
			);
			path = "Preview Content";
			sourceTree = "<group>";
		};
		03896ED32A27DD9C005FCB49 /* App */ = {
			isa = PBXGroup;
			children = (
				03896EC52A27DC73005FCB49 /* SimpSynthApp.swift */,
			);
			path = App;
			sourceTree = "<group>";
		};
		03896ED42A27DDB9005FCB49 /* Models */ = {
			isa = PBXGroup;
			children = (
			);
			path = Models;
			sourceTree = "<group>";
		};
		03896ED52A27DDE8005FCB49 /* Views */ = {
			isa = PBXGroup;
			children = (
				03896EC72A27DC73005FCB49 /* ContentView.swift */,
				031E1D8E2A32701E002EB31D /* KnobView.swift */,
			);
			path = Views;
			sourceTree = "<group>";
		};
		03896ED62A27DE54005FCB49 /* ViewModels */ = {
			isa = PBXGroup;
			children = (
				031E1D902A32715E002EB31D /* KnobViewModel.swift */,
			);
			path = ViewModels;
			sourceTree = "<group>";
		};
		03896ED72A27DE6F005FCB49 /* Services */ = {
			isa = PBXGroup;
			children = (
				03896EDC2A27E0BF005FCB49 /* AudioMIDI.swift */,
			);
			path = Services;
			sourceTree = "<group>";
		};
		03896ED82A27DE76005FCB49 /* Resources */ = {
			isa = PBXGroup;
			children = (
				03505ADD2A29484800F9D472 /* 8bitsf.SF2 */,
				03896EC92A27DC75005FCB49 /* Assets.xcassets */,
				03896ECB2A27DC75005FCB49 /* Preview Content */,
			);
			path = Resources;
			sourceTree = "<group>";
		};
/* End PBXGroup section */

/* Begin PBXNativeTarget section */
		03896EC12A27DC73005FCB49 /* SimpSynth */ = {
			isa = PBXNativeTarget;
			buildConfigurationList = 03896ED02A27DC75005FCB49 /* Build configuration list for PBXNativeTarget "SimpSynth" */;
			buildPhases = (
				03896EBE2A27DC73005FCB49 /* Sources */,
				03896EBF2A27DC73005FCB49 /* Frameworks */,
				03896EC02A27DC73005FCB49 /* Resources */,
			);
			buildRules = (
			);
			dependencies = (
			);
			name = SimpSynth;
			packageProductDependencies = (
				03896EDA2A27DF9B005FCB49 /* AudioKit */,
				03896EDF2A27E4E7005FCB49 /* Keyboard */,
			);
			productName = SimpSynth;
			productReference = 03896EC22A27DC73005FCB49 /* SimpSynth.app */;
			productType = "com.apple.product-type.application";
		};
/* End PBXNativeTarget section */

/* Begin PBXProject section */
		03896EBA2A27DC73005FCB49 /* Project object */ = {
			isa = PBXProject;
			attributes = {
				BuildIndependentTargetsInParallel = 1;
				LastSwiftUpdateCheck = 1430;
				LastUpgradeCheck = 1430;
				TargetAttributes = {
					03896EC12A27DC73005FCB49 = {
						CreatedOnToolsVersion = 14.3;
					};
				};
			};
			buildConfigurationList = 03896EBD2A27DC73005FCB49 /* Build configuration list for PBXProject "SimpSynth" */;
			compatibilityVersion = "Xcode 14.0";
			developmentRegion = en;
			hasScannedForEncodings = 0;
			knownRegions = (
				en,
				Base,
			);
			mainGroup = 03896EB92A27DC73005FCB49;
			packageReferences = (
				03896ED92A27DF9B005FCB49 /* XCRemoteSwiftPackageReference "AudioKit" */,
				03896EDE2A27E4E7005FCB49 /* XCRemoteSwiftPackageReference "Keyboard" */,
			);
			productRefGroup = 03896EC32A27DC73005FCB49 /* Products */;
			projectDirPath = "";
			projectRoot = "";
			targets = (
				03896EC12A27DC73005FCB49 /* SimpSynth */,
			);
		};
/* End PBXProject section */

/* Begin PBXResourcesBuildPhase section */
		03896EC02A27DC73005FCB49 /* Resources */ = {
			isa = PBXResourcesBuildPhase;
			buildActionMask = 2147483647;
			files = (
				03505ADE2A29484800F9D472 /* 8bitsf.SF2 in Resources */,
				03896ECD2A27DC75005FCB49 /* Preview Assets.xcassets in Resources */,
				03896ECA2A27DC75005FCB49 /* Assets.xcassets in Resources */,
			);
			runOnlyForDeploymentPostprocessing = 0;
		};
/* End PBXResourcesBuildPhase section */

/* Begin PBXSourcesBuildPhase section */
		03896EBE2A27DC73005FCB49 /* Sources */ = {
			isa = PBXSourcesBuildPhase;
			buildActionMask = 2147483647;
			files = (
				03896EC82A27DC73005FCB49 /* ContentView.swift in Sources */,
				031E1D912A32715E002EB31D /* KnobViewModel.swift in Sources */,
				03896EDD2A27E0BF005FCB49 /* AudioMIDI.swift in Sources */,
				031E1D8F2A32701E002EB31D /* KnobView.swift in Sources */,
				03896EC62A27DC73005FCB49 /* SimpSynthApp.swift in Sources */,
			);
			runOnlyForDeploymentPostprocessing = 0;
		};
/* End PBXSourcesBuildPhase section */

/* Begin XCBuildConfiguration section */
		03896ECE2A27DC75005FCB49 /* Debug */ = {
			isa = XCBuildConfiguration;
			buildSettings = {
				ALWAYS_SEARCH_USER_PATHS = NO;
				CLANG_ANALYZER_NONNULL = YES;
				CLANG_ANALYZER_NUMBER_OBJECT_CONVERSION = YES_AGGRESSIVE;
				CLANG_CXX_LANGUAGE_STANDARD = "gnu++20";
				CLANG_ENABLE_MODULES = YES;
				CLANG_ENABLE_OBJC_ARC = YES;
				CLANG_ENABLE_OBJC_WEAK = YES;
				CLANG_WARN_BLOCK_CAPTURE_AUTORELEASING = YES;
				CLANG_WARN_BOOL_CONVERSION = YES;
				CLANG_WARN_COMMA = YES;
				CLANG_WARN_CONSTANT_CONVERSION = YES;
				CLANG_WARN_DEPRECATED_OBJC_IMPLEMENTATIONS = YES;
				CLANG_WARN_DIRECT_OBJC_ISA_USAGE = YES_ERROR;
				CLANG_WARN_DOCUMENTATION_COMMENTS = YES;
				CLANG_WARN_EMPTY_BODY = YES;
				CLANG_WARN_ENUM_CONVERSION = YES;
				CLANG_WARN_INFINITE_RECURSION = YES;
				CLANG_WARN_INT_CONVERSION = YES;
				CLANG_WARN_NON_LITERAL_NULL_CONVERSION = YES;
				CLANG_WARN_OBJC_IMPLICIT_RETAIN_SELF = YES;
				CLANG_WARN_OBJC_LITERAL_CONVERSION = YES;
				CLANG_WARN_OBJC_ROOT_CLASS = YES_ERROR;
				CLANG_WARN_QUOTED_INCLUDE_IN_FRAMEWORK_HEADER = YES;
				CLANG_WARN_RANGE_LOOP_ANALYSIS = YES;
				CLANG_WARN_STRICT_PROTOTYPES = YES;
				CLANG_WARN_SUSPICIOUS_MOVE = YES;
				CLANG_WARN_UNGUARDED_AVAILABILITY = YES_AGGRESSIVE;
				CLANG_WARN_UNREACHABLE_CODE = YES;
				CLANG_WARN__DUPLICATE_METHOD_MATCH = YES;
				COPY_PHASE_STRIP = NO;
				DEBUG_INFORMATION_FORMAT = dwarf;
				ENABLE_STRICT_OBJC_MSGSEND = YES;
				ENABLE_TESTABILITY = YES;
				GCC_C_LANGUAGE_STANDARD = gnu11;
				GCC_DYNAMIC_NO_PIC = NO;
				GCC_NO_COMMON_BLOCKS = YES;
				GCC_OPTIMIZATION_LEVEL = 0;
				GCC_PREPROCESSOR_DEFINITIONS = (
					"DEBUG=1",
					"$(inherited)",
				);
				GCC_WARN_64_TO_32_BIT_CONVERSION = YES;
				GCC_WARN_ABOUT_RETURN_TYPE = YES_ERROR;
				GCC_WARN_UNDECLARED_SELECTOR = YES;
				GCC_WARN_UNINITIALIZED_AUTOS = YES_AGGRESSIVE;
				GCC_WARN_UNUSED_FUNCTION = YES;
				GCC_WARN_UNUSED_VARIABLE = YES;
				IPHONEOS_DEPLOYMENT_TARGET = 16.4;
				MTL_ENABLE_DEBUG_INFO = INCLUDE_SOURCE;
				MTL_FAST_MATH = YES;
				ONLY_ACTIVE_ARCH = YES;
				SDKROOT = iphoneos;
				SWIFT_ACTIVE_COMPILATION_CONDITIONS = DEBUG;
				SWIFT_OPTIMIZATION_LEVEL = "-Onone";
			};
			name = Debug;
		};
		03896ECF2A27DC75005FCB49 /* Release */ = {
			isa = XCBuildConfiguration;
			buildSettings = {
				ALWAYS_SEARCH_USER_PATHS = NO;
				CLANG_ANALYZER_NONNULL = YES;
				CLANG_ANALYZER_NUMBER_OBJECT_CONVERSION = YES_AGGRESSIVE;
				CLANG_CXX_LANGUAGE_STANDARD = "gnu++20";
				CLANG_ENABLE_MODULES = YES;
				CLANG_ENABLE_OBJC_ARC = YES;
				CLANG_ENABLE_OBJC_WEAK = YES;
				CLANG_WARN_BLOCK_CAPTURE_AUTORELEASING = YES;
				CLANG_WARN_BOOL_CONVERSION = YES;
				CLANG_WARN_COMMA = YES;
				CLANG_WARN_CONSTANT_CONVERSION = YES;
				CLANG_WARN_DEPRECATED_OBJC_IMPLEMENTATIONS = YES;
				CLANG_WARN_DIRECT_OBJC_ISA_USAGE = YES_ERROR;
				CLANG_WARN_DOCUMENTATION_COMMENTS = YES;
				CLANG_WARN_EMPTY_BODY = YES;
				CLANG_WARN_ENUM_CONVERSION = YES;
				CLANG_WARN_INFINITE_RECURSION = YES;
				CLANG_WARN_INT_CONVERSION = YES;
				CLANG_WARN_NON_LITERAL_NULL_CONVERSION = YES;
				CLANG_WARN_OBJC_IMPLICIT_RETAIN_SELF = YES;
				CLANG_WARN_OBJC_LITERAL_CONVERSION = YES;
				CLANG_WARN_OBJC_ROOT_CLASS = YES_ERROR;
				CLANG_WARN_QUOTED_INCLUDE_IN_FRAMEWORK_HEADER = YES;
				CLANG_WARN_RANGE_LOOP_ANALYSIS = YES;
				CLANG_WARN_STRICT_PROTOTYPES = YES;
				CLANG_WARN_SUSPICIOUS_MOVE = YES;
				CLANG_WARN_UNGUARDED_AVAILABILITY = YES_AGGRESSIVE;
				CLANG_WARN_UNREACHABLE_CODE = YES;
				CLANG_WARN__DUPLICATE_METHOD_MATCH = YES;
				COPY_PHASE_STRIP = NO;
				DEBUG_INFORMATION_FORMAT = "dwarf-with-dsym";
				ENABLE_NS_ASSERTIONS = NO;
				ENABLE_STRICT_OBJC_MSGSEND = YES;
				GCC_C_LANGUAGE_STANDARD = gnu11;
				GCC_NO_COMMON_BLOCKS = YES;
				GCC_WARN_64_TO_32_BIT_CONVERSION = YES;
				GCC_WARN_ABOUT_RETURN_TYPE = YES_ERROR;
				GCC_WARN_UNDECLARED_SELECTOR = YES;
				GCC_WARN_UNINITIALIZED_AUTOS = YES_AGGRESSIVE;
				GCC_WARN_UNUSED_FUNCTION = YES;
				GCC_WARN_UNUSED_VARIABLE = YES;
				IPHONEOS_DEPLOYMENT_TARGET = 16.4;
				MTL_ENABLE_DEBUG_INFO = NO;
				MTL_FAST_MATH = YES;
				SDKROOT = iphoneos;
				SWIFT_COMPILATION_MODE = wholemodule;
				SWIFT_OPTIMIZATION_LEVEL = "-O";
				VALIDATE_PRODUCT = YES;
			};
			name = Release;
		};
		03896ED12A27DC75005FCB49 /* Debug */ = {
			isa = XCBuildConfiguration;
			buildSettings = {
				ASSETCATALOG_COMPILER_APPICON_NAME = AppIcon;
				ASSETCATALOG_COMPILER_GLOBAL_ACCENT_COLOR_NAME = AccentColor;
				CODE_SIGN_STYLE = Automatic;
				CURRENT_PROJECT_VERSION = 1;
				DEVELOPMENT_ASSET_PATHS = "SimpSynth/Resources/Preview\\ Content";
				DEVELOPMENT_TEAM = 6Z3S569SKT;
				ENABLE_PREVIEWS = YES;
				GENERATE_INFOPLIST_FILE = YES;
				INFOPLIST_KEY_UIApplicationSceneManifest_Generation = YES;
				INFOPLIST_KEY_UIApplicationSupportsIndirectInputEvents = YES;
				INFOPLIST_KEY_UILaunchScreen_Generation = YES;
				INFOPLIST_KEY_UISupportedInterfaceOrientations = "UIInterfaceOrientationLandscapeLeft UIInterfaceOrientationLandscapeRight UIInterfaceOrientationPortraitUpsideDown";
				INFOPLIST_KEY_UISupportedInterfaceOrientations_iPad = "UIInterfaceOrientationLandscapeLeft UIInterfaceOrientationLandscapeRight UIInterfaceOrientationPortrait UIInterfaceOrientationPortraitUpsideDown";
				LD_RUNPATH_SEARCH_PATHS = (
					"$(inherited)",
					"@executable_path/Frameworks",
				);
				MARKETING_VERSION = 1.0;
				PRODUCT_BUNDLE_IDENTIFIER = com.thundertech.SimpSynth;
				PRODUCT_NAME = "$(TARGET_NAME)";
				SUPPORTED_PLATFORMS = "iphoneos iphonesimulator";
				SUPPORTS_MACCATALYST = NO;
				SUPPORTS_MAC_DESIGNED_FOR_IPHONE_IPAD = NO;
				SWIFT_EMIT_LOC_STRINGS = YES;
				SWIFT_VERSION = 5.0;
				TARGETED_DEVICE_FAMILY = 1;
			};
			name = Debug;
		};
		03896ED22A27DC75005FCB49 /* Release */ = {
			isa = XCBuildConfiguration;
			buildSettings = {
				ASSETCATALOG_COMPILER_APPICON_NAME = AppIcon;
				ASSETCATALOG_COMPILER_GLOBAL_ACCENT_COLOR_NAME = AccentColor;
				CODE_SIGN_STYLE = Automatic;
				CURRENT_PROJECT_VERSION = 1;
				DEVELOPMENT_ASSET_PATHS = "SimpSynth/Resources/Preview\\ Content";
				DEVELOPMENT_TEAM = 6Z3S569SKT;
				ENABLE_PREVIEWS = YES;
				GENERATE_INFOPLIST_FILE = YES;
				INFOPLIST_KEY_UIApplicationSceneManifest_Generation = YES;
				INFOPLIST_KEY_UIApplicationSupportsIndirectInputEvents = YES;
				INFOPLIST_KEY_UILaunchScreen_Generation = YES;
				INFOPLIST_KEY_UISupportedInterfaceOrientations = "UIInterfaceOrientationLandscapeLeft UIInterfaceOrientationLandscapeRight UIInterfaceOrientationPortraitUpsideDown";
				INFOPLIST_KEY_UISupportedInterfaceOrientations_iPad = "UIInterfaceOrientationLandscapeLeft UIInterfaceOrientationLandscapeRight UIInterfaceOrientationPortrait UIInterfaceOrientationPortraitUpsideDown";
				LD_RUNPATH_SEARCH_PATHS = (
					"$(inherited)",
					"@executable_path/Frameworks",
				);
				MARKETING_VERSION = 1.0;
				PRODUCT_BUNDLE_IDENTIFIER = com.thundertech.SimpSynth;
				PRODUCT_NAME = "$(TARGET_NAME)";
				SUPPORTED_PLATFORMS = "iphoneos iphonesimulator";
				SUPPORTS_MACCATALYST = NO;
				SUPPORTS_MAC_DESIGNED_FOR_IPHONE_IPAD = NO;
				SWIFT_EMIT_LOC_STRINGS = YES;
				SWIFT_VERSION = 5.0;
				TARGETED_DEVICE_FAMILY = 1;
			};
			name = Release;
		};
/* End XCBuildConfiguration section */

/* Begin XCConfigurationList section */
		03896EBD2A27DC73005FCB49 /* Build configuration list for PBXProject "SimpSynth" */ = {
			isa = XCConfigurationList;
			buildConfigurations = (
				03896ECE2A27DC75005FCB49 /* Debug */,
				03896ECF2A27DC75005FCB49 /* Release */,
			);
			defaultConfigurationIsVisible = 0;
			defaultConfigurationName = Release;
		};
		03896ED02A27DC75005FCB49 /* Build configuration list for PBXNativeTarget "SimpSynth" */ = {
			isa = XCConfigurationList;
			buildConfigurations = (
				03896ED12A27DC75005FCB49 /* Debug */,
				03896ED22A27DC75005FCB49 /* Release */,
			);
			defaultConfigurationIsVisible = 0;
			defaultConfigurationName = Release;
		};
/* End XCConfigurationList section */

/* Begin XCRemoteSwiftPackageReference section */
		03896ED92A27DF9B005FCB49 /* XCRemoteSwiftPackageReference "AudioKit" */ = {
			isa = XCRemoteSwiftPackageReference;
			repositoryURL = "https://github.com/AudioKit/AudioKit.git";
			requirement = {
				kind = upToNextMajorVersion;
				minimumVersion = 5.0.0;
			};
		};
		03896EDE2A27E4E7005FCB49 /* XCRemoteSwiftPackageReference "Keyboard" */ = {
			isa = XCRemoteSwiftPackageReference;
			repositoryURL = "https://github.com/AudioKit/Keyboard";
			requirement = {
				kind = upToNextMajorVersion;
				minimumVersion = 1.0.0;
			};
		};
/* End XCRemoteSwiftPackageReference section */

/* Begin XCSwiftPackageProductDependency section */
		03896EDA2A27DF9B005FCB49 /* AudioKit */ = {
			isa = XCSwiftPackageProductDependency;
			package = 03896ED92A27DF9B005FCB49 /* XCRemoteSwiftPackageReference "AudioKit" */;
			productName = AudioKit;
		};
		03896EDF2A27E4E7005FCB49 /* Keyboard */ = {
			isa = XCSwiftPackageProductDependency;
			package = 03896EDE2A27E4E7005FCB49 /* XCRemoteSwiftPackageReference "Keyboard" */;
			productName = Keyboard;
		};
/* End XCSwiftPackageProductDependency section */
	};
	rootObject = 03896EBA2A27DC73005FCB49 /* Project object */;
}
